{
  "name": "@foba/table",
  "version": "0.1.1",
  "lockfileVersion": 1,
  "requires": true,
  "dependencies": {
    "@aryth/rand": {
      "version": "0.0.10",
      "resolved": "https://registry.npmjs.org/@aryth/rand/-/rand-0.0.10.tgz",
      "integrity": "sha512-NozB3YvviT1OOdxE4CV0JG/3tiJEbjaVMrngHQDP4QgBuDdeQjz5Ph4oNTyP/3qp0ONucgE+z7iyd0oUd3cnUQ=="
    },
    "@vect/column-getter": {
      "version": "0.0.27",
      "resolved": "https://registry.npmjs.org/@vect/column-getter/-/column-getter-0.0.27.tgz",
      "integrity": "sha512-3Abwl8Y7xrg4N1ncntptuplepJQjZ6H7jtcrz21copk3OHC3ix/ksmfOtDW+OtMn0/6RcKEC2yoeQ0hzkJvsVQ==",
      "requires": {
        "@vect/vector-mapper": "^0.0.27"
      }
    },
    "@vect/columns-select": {
      "version": "0.0.27",
      "resolved": "https://registry.npmjs.org/@vect/columns-select/-/columns-select-0.0.27.tgz",
      "integrity": "sha512-/tmdpzc97wsk9EgX+BPodgpV46l45v1/Z2HqS5mVVk0r9FIIuAveSTp4K0x7NdvQ6O90m0qQy0qmqzVSSt2JlA==",
      "requires": {
        "@vect/column-getter": "^0.0.27",
        "@vect/vector-select": "^0.0.27"
      }
    },
    "@vect/vector-mapper": {
      "version": "0.0.27",
      "resolved": "https://registry.npmjs.org/@vect/vector-mapper/-/vector-mapper-0.0.27.tgz",
      "integrity": "sha512-+3ulgZ0e9CSThTXplp42XamLnDJzbmR2MeSOeO90W0L8a9rNH7iotLvfki2HEFrthJEYUL/czI+VUek9YNuhoQ=="
    },
    "@vect/vector-select": {
      "version": "0.0.27",
      "resolved": "https://registry.npmjs.org/@vect/vector-select/-/vector-select-0.0.27.tgz",
      "integrity": "sha512-2XcDs0HDZQMIApuoV4q0TLbQ8IpYN2P5A5avLZWAzKgaxkhDhb46GYBqnhQI/BGVVRDYF86D0mKBZzJQYllK0g=="
    }
  }
}
